# This file is autogenerated, do not edit; changes may be undone by the next 'dep ensure'.


[[projects]]
  digest = "1:8ec1618fc3ee146af104d6c13be250f25e5976e34557d4afbfe4b28035ce6c05"
  name = "github.com/Knetic/govaluate"
  packages = ["."]
  pruneopts = "U"
  revision = "d216395917cc49052c7c7094cf57f09657ca08a8"
  version = "v3.0.0"

[[projects]]
  branch = "master"
  digest = "1:3662ec933b33b0ac93077bd7ad3ac75a3b6fb6a4a0e31d4848fd878a7747eabf"
  name = "github.com/buger/jsonparser"
  packages = ["."]
  pruneopts = "U"
  revision = "5096fddd2cca678b0801ece8513a06e580981fd2"

[[projects]]
  digest = "1:18f5633b476e7563914911f12a1e1064f6158d11331b81077134d54816c7775c"
  name = "github.com/davecgh/go-spew"
  packages = ["spew"]
  pruneopts = "U"
  revision = "346938d642f2ec3594ed81d874461961cd0faa76"
  version = "v1.1.0"

[[projects]]
  digest = "1:1691c091a55f836f57002b718108b8a6265779148f373ccb097754bbc080a357"
  name = "github.com/emicklei/go-restful"
  packages = [
    ".",
    "log",
  ]
  pruneopts = "U"
  revision = "2dd44038f0b95ae693b266c5f87593b5d2fdd78d"
  version = "v2.5.0"

[[projects]]
  digest = "1:b13707423743d41665fd23f0c36b2f37bb49c30e94adb813319c44188a51ba22"
  name = "github.com/ghodss/yaml"
  packages = ["."]
  pruneopts = "U"
  revision = "0ca9ea5df5451ffdf184b4428c902747c2c11cd7"
  version = "v1.0.0"

[[projects]]
  digest = "1:ed314700d20eeaaa904b47e6fd3d4866f7bd14887a4904a9f69ec1e47385416f"
  name = "github.com/golang/glog"
  packages = ["."]
  pruneopts = "U"
  revision = "44145f04b68cf362d9c4df2182967c2275eaefed"

[[projects]]
  branch = "master"
  digest = "1:3179019e16f37c1e1c33668aed2ee7050992ef0219c803be6b7905e3e58d70f5"
  name = "github.com/lucasjones/reggen"
  packages = ["."]
  pruneopts = "U"
  revision = "cdb49ff09d77331d3fdd51e862b4023d2257954c"

[[projects]]
  digest = "1:4357ebc50d5ea13cb9b527a195e5481e557339694fcbbeaf2e688ce61e9e25dd"
  name = "github.com/onsi/ginkgo"
  packages = [
    ".",
    "config",
    "internal/codelocation",
    "internal/containernode",
    "internal/failer",
    "internal/leafnodes",
    "internal/remote",
    "internal/spec",
    "internal/spec_iterator",
    "internal/specrunner",
    "internal/suite",
    "internal/testingtproxy",
    "internal/writer",
    "reporters",
    "reporters/stenographer",
    "reporters/stenographer/support/go-colorable",
    "reporters/stenographer/support/go-isatty",
    "types",
  ]
  pruneopts = "U"
  revision = "9eda700730cba42af70d53180f9dcce9266bc2bc"
  version = "v1.4.0"

[[projects]]
  digest = "1:78fd9a11598333c5230d16bbcb90170706607d2f216d177f39a7575075d84e79"
  name = "github.com/onsi/gomega"
  packages = [
    ".",
    "format",
    "gstruct/errors",
    "internal/assertion",
    "internal/asyncassertion",
    "internal/oraclematcher",
    "internal/testingtsupport",
    "matchers",
    "matchers/support/goraph/bipartitegraph",
    "matchers/support/goraph/edge",
    "matchers/support/goraph/node",
    "matchers/support/goraph/util",
    "types",
  ]
  pruneopts = "U"
  revision = "003f63b7f4cff3fc95357005358af2de0f5fe152"
  version = "v1.3.0"

[[projects]]
  digest = "1:97f2e3987902ab89b6fe5cff761b3b318aed6fb3c0d9cc31986073e7fae2444a"
  name = "github.com/pmezard/go-difflib"
  packages = ["difflib"]
  pruneopts = "U"
  revision = "792786c7400a136282c1664665ae0a8db921c6c2"
  version = "v1.0.0"

[[projects]]
  digest = "1:e26c765285e695c940b4df876843b12cbd3ada51e989d0d3b9710f5463e6f265"
  name = "github.com/stretchr/testify"
  packages = [
    "assert",
    "require",
  ]
  pruneopts = "U"
  revision = "b91bfb9ebec76498946beb6af7c0230c7cc7ba6c"
  version = "v1.2.0"

[[projects]]
  branch = "master"
  digest = "1:321566be2075a0ee2a448557d899c2a7ff8223654d0352c5cbc95ce6ec0ffaf6"
  name = "golang.org/x/net"
  packages = [
    "html",
    "html/atom",
    "html/charset",
  ]
  pruneopts = "U"
  revision = "0ed95abb35c445290478a5348a7b38bb154135fd"

[[projects]]
  branch = "master"
  digest = "1:7bc18bdb3b6ffddb186e47d246c0cd37410e80de2d5ab5a65e903f34956fac74"
  name = "golang.org/x/sys"
  packages = ["unix"]
  pruneopts = "U"
  revision = "ef802241c90f84d84d644a2d8d0de8ee96038c9c"

[[projects]]
  branch = "master"
  digest = "1:c60edb746a007b670c3ee8e63225510069abb6127ef8a48cfc99c68ce0038019"
  name = "golang.org/x/text"
  packages = [
    "encoding",
    "encoding/charmap",
    "encoding/htmlindex",
    "encoding/internal",
    "encoding/internal/identifier",
    "encoding/japanese",
    "encoding/korean",
    "encoding/simplifiedchinese",
    "encoding/traditionalchinese",
    "encoding/unicode",
    "internal/gen",
    "internal/tag",
    "internal/utf8internal",
    "language",
    "runes",
    "transform",
    "unicode/cldr",
  ]
  pruneopts = "U"
  revision = "e19ae1496984b1c655b8044a65c0300a3c878dd3"

[[projects]]
  branch = "v2"
  digest = "1:4b4e5848dfe7f316f95f754df071bebfb40cf4482da62e17e7e1aebdf11f4918"
  name = "gopkg.in/yaml.v2"
  packages = ["."]
  pruneopts = "U"
  revision = "d670f9405373e636a5a2765eea47fac0c9bc91a4"

[solve-meta]
  analyzer-name = "dep"
  analyzer-version = 1
  input-imports = [
    "github.com/Knetic/govaluate",
    "github.com/buger/jsonparser",
    "github.com/emicklei/go-restful",
    "github.com/ghodss/yaml",
    "github.com/golang/glog",
    "github.com/lucasjones/reggen",
    "github.com/onsi/ginkgo",
    "github.com/onsi/gomega",
    "github.com/onsi/gomega/format",
    "github.com/onsi/gomega/gstruct/errors",
    "github.com/onsi/gomega/types",
    "github.com/stretchr/testify/assert",
    "github.com/stretchr/testify/require",
  ]
  solver-name = "gps-cdcl"
  solver-version = 1
